
Microsoft Visual Studio Solution File, Format Version 12.00
# Visual Studio Version 16
VisualStudioVersion = 16.0.30611.23
MinimumVisualStudioVersion = 10.0.40219.1
Project("{FAE04EC0-301F-11D3-BF4B-00C04F79EFBC}") = "ConsoleApp", "ConsoleApp\ConsoleApp.csproj", "{54617E7C-B580-4AEF-8E1E-762C6FC06DC8}"
EndProject
Global
	GlobalSection(SolutionConfigurationPlatforms) = preSolution
		Debug|Any CPU = Debug|Any CPU
		Release|Any CPU = Release|Any CPU
	EndGlobalSection
	GlobalSection(ProjectConfigurationPlatforms) = postSolution
		{54617E7C-B580-4AEF-8E1E-762C6FC06DC8}.Debug|Any CPU.ActiveCfg = Debug|Any CPU
		{54617E7C-B580-4AEF-8E1E-762C6FC06DC8}.Debug|Any CPU.Build.0 = Debug|Any CPU
		{54617E7C-B580-4AEF-8E1E-762C6FC06DC8}.Release|Any CPU.ActiveCfg = Release|Any CPU
		{54617E7C-B580-4AEF-8E1E-762C6FC06DC8}.Release|Any CPU.Build.0 = Release|Any CPU
	EndGlobalSection
	GlobalSection(SolutionProperties) = preSolution
		HideSolutionNode = FALSE
	EndGlobalSection
	GlobalSection(ExtensibilityGlobals) = postSolution
		SolutionGuid = {30FDF5F6-CA77-4DA7-9F1B-89221248FDF1}
	EndGlobalSection
EndGlobal
